
Microsoft Visual Studio Solution File, Format Version 12.00
# Visual Studio 2012
Project("{FAE04EC0-301F-11D3-BF4B-00C04F79EFBC}") = "GreetSomeone", "GreetSomeone\GreetSomeone.csproj", "{684927FE-97B8-4005-BA65-CE03399A6D5A}"
EndProject
Global
	GlobalSection(SolutionConfigurationPlatforms) = preSolution
		Debug|Any CPU = Debug|Any CPU
		Release|Any CPU = Release|Any CPU
	EndGlobalSection
	GlobalSection(ProjectConfigurationPlatforms) = postSolution
		{684927FE-97B8-4005-BA65-CE03399A6D5A}.Debug|Any CPU.ActiveCfg = Debug|Any CPU
		{684927FE-97B8-4005-BA65-CE03399A6D5A}.Debug|Any CPU.Build.0 = Debug|Any CPU
		{684927FE-97B8-4005-BA65-CE03399A6D5A}.Release|Any CPU.ActiveCfg = Release|Any CPU
		{684927FE-97B8-4005-BA65-CE03399A6D5A}.Release|Any CPU.Build.0 = Release|Any CPU
	EndGlobalSection
EndGlobal
