
Microsoft Visual Studio Solution File, Format Version 15.00
# Visual Studio 2017
Project("{FAE04EC0-301F-11D3-BF4B-00C04F79EFBC}") = "DependencyInjectionWorkshop", "DependencyInjectionWorkshop.csproj", "{70B986F2-4EB4-43D8-83D7-661FCF028507}"
EndProject
Global
	GlobalSection(SolutionConfigurationPlatforms) = preSolution
		Debug|Any CPU = Debug|Any CPU
		Release|Any CPU = Release|Any CPU
	EndGlobalSection
	GlobalSection(ProjectConfigurationPlatforms) = postSolution
		{70B986F2-4EB4-43D8-83D7-661FCF028507}.Debug|Any CPU.ActiveCfg = Debug|Any CPU
		{70B986F2-4EB4-43D8-83D7-661FCF028507}.Debug|Any CPU.Build.0 = Debug|Any CPU
		{70B986F2-4EB4-43D8-83D7-661FCF028507}.Release|Any CPU.ActiveCfg = Release|Any CPU
		{70B986F2-4EB4-43D8-83D7-661FCF028507}.Release|Any CPU.Build.0 = Release|Any CPU
	EndGlobalSection
EndGlobal
