
Microsoft Visual Studio Solution File, Format Version 12.00
# Visual Studio 15
VisualStudioVersion = 15.0.26730.16
MinimumVisualStudioVersion = 10.0.40219.1
Project("{FAE04EC0-301F-11D3-BF4B-00C04F79EFBC}") = "07-Strings", "07-Strings\07-Strings.csproj", "{FCA1E6A0-705C-475B-859C-7265CAC6D121}"
EndProject
Global
	GlobalSection(SolutionConfigurationPlatforms) = preSolution
		Debug|Any CPU = Debug|Any CPU
		Release|Any CPU = Release|Any CPU
	EndGlobalSection
	GlobalSection(ProjectConfigurationPlatforms) = postSolution
		{FCA1E6A0-705C-475B-859C-7265CAC6D121}.Debug|Any CPU.ActiveCfg = Debug|Any CPU
		{FCA1E6A0-705C-475B-859C-7265CAC6D121}.Debug|Any CPU.Build.0 = Debug|Any CPU
		{FCA1E6A0-705C-475B-859C-7265CAC6D121}.Release|Any CPU.ActiveCfg = Release|Any CPU
		{FCA1E6A0-705C-475B-859C-7265CAC6D121}.Release|Any CPU.Build.0 = Release|Any CPU
	EndGlobalSection
	GlobalSection(SolutionProperties) = preSolution
		HideSolutionNode = FALSE
	EndGlobalSection
	GlobalSection(ExtensibilityGlobals) = postSolution
		SolutionGuid = {F9DE7E7E-2974-4867-991E-B57780D53D1A}
	EndGlobalSection
EndGlobal
