
Microsoft Visual Studio Solution File, Format Version 12.00
# Visual Studio 2012
Project("{FAE04EC0-301F-11D3-BF4B-00C04F79EFBC}") = "workshop", "workshop\workshop.csproj", "{1E6A936B-A618-4CEA-B7B3-5B20D919B05C}"
EndProject
Global
	GlobalSection(SolutionConfigurationPlatforms) = preSolution
		Debug|Any CPU = Debug|Any CPU
		Release|Any CPU = Release|Any CPU
	EndGlobalSection
	GlobalSection(ProjectConfigurationPlatforms) = postSolution
		{1E6A936B-A618-4CEA-B7B3-5B20D919B05C}.Debug|Any CPU.ActiveCfg = Debug|Any CPU
		{1E6A936B-A618-4CEA-B7B3-5B20D919B05C}.Debug|Any CPU.Build.0 = Debug|Any CPU
		{1E6A936B-A618-4CEA-B7B3-5B20D919B05C}.Release|Any CPU.ActiveCfg = Release|Any CPU
		{1E6A936B-A618-4CEA-B7B3-5B20D919B05C}.Release|Any CPU.Build.0 = Release|Any CPU
	EndGlobalSection
EndGlobal
