
Microsoft Visual Studio Solution File, Format Version 12.00
# Visual Studio 15
VisualStudioVersion = 15.0.26730.16
MinimumVisualStudioVersion = 10.0.40219.1
Project("{FAE04EC0-301F-11D3-BF4B-00C04F79EFBC}") = "ParkingLot", "ParkingLot\ParkingLot.csproj", "{2BAA3376-2788-4DA7-BFE6-AA1B91142A14}"
EndProject
Global
	GlobalSection(SolutionConfigurationPlatforms) = preSolution
		Debug|Any CPU = Debug|Any CPU
		Release|Any CPU = Release|Any CPU
	EndGlobalSection
	GlobalSection(ProjectConfigurationPlatforms) = postSolution
		{2BAA3376-2788-4DA7-BFE6-AA1B91142A14}.Debug|Any CPU.ActiveCfg = Debug|Any CPU
		{2BAA3376-2788-4DA7-BFE6-AA1B91142A14}.Debug|Any CPU.Build.0 = Debug|Any CPU
		{2BAA3376-2788-4DA7-BFE6-AA1B91142A14}.Release|Any CPU.ActiveCfg = Release|Any CPU
		{2BAA3376-2788-4DA7-BFE6-AA1B91142A14}.Release|Any CPU.Build.0 = Release|Any CPU
	EndGlobalSection
	GlobalSection(SolutionProperties) = preSolution
		HideSolutionNode = FALSE
	EndGlobalSection
	GlobalSection(ExtensibilityGlobals) = postSolution
		SolutionGuid = {5A37C1BD-9804-4A1D-BA36-EA154F3CE5CE}
	EndGlobalSection
EndGlobal
