
Microsoft Visual Studio Solution File, Format Version 12.00
# Visual Studio 15
VisualStudioVersion = 15.0.26730.16
MinimumVisualStudioVersion = 10.0.40219.1
Project("{FAE04EC0-301F-11D3-BF4B-00C04F79EFBC}") = "02-NumberAdder", "02-NumberAdder\02-NumberAdder.csproj", "{D3968F37-DD57-45CA-87AD-071E279E1B8A}"
EndProject
Global
	GlobalSection(SolutionConfigurationPlatforms) = preSolution
		Debug|Any CPU = Debug|Any CPU
		Release|Any CPU = Release|Any CPU
	EndGlobalSection
	GlobalSection(ProjectConfigurationPlatforms) = postSolution
		{D3968F37-DD57-45CA-87AD-071E279E1B8A}.Debug|Any CPU.ActiveCfg = Debug|Any CPU
		{D3968F37-DD57-45CA-87AD-071E279E1B8A}.Debug|Any CPU.Build.0 = Debug|Any CPU
		{D3968F37-DD57-45CA-87AD-071E279E1B8A}.Release|Any CPU.ActiveCfg = Release|Any CPU
		{D3968F37-DD57-45CA-87AD-071E279E1B8A}.Release|Any CPU.Build.0 = Release|Any CPU
	EndGlobalSection
	GlobalSection(SolutionProperties) = preSolution
		HideSolutionNode = FALSE
	EndGlobalSection
	GlobalSection(ExtensibilityGlobals) = postSolution
		SolutionGuid = {CA6246DF-C07F-4284-A456-8969CF844229}
	EndGlobalSection
EndGlobal
