
Microsoft Visual Studio Solution File, Format Version 12.00
# Visual Studio 15
VisualStudioVersion = 15.0.26730.16
MinimumVisualStudioVersion = 10.0.40219.1
Project("{FAE04EC0-301F-11D3-BF4B-00C04F79EFBC}") = "Exercise6 - FrequencyOfCharacters", "Exercise6 - FrequencyOfCharacters\Exercise6 - FrequencyOfCharacters.csproj", "{68DC6E44-9B2B-4577-B31F-03892323ECEB}"
EndProject
Global
	GlobalSection(SolutionConfigurationPlatforms) = preSolution
		Debug|Any CPU = Debug|Any CPU
		Release|Any CPU = Release|Any CPU
	EndGlobalSection
	GlobalSection(ProjectConfigurationPlatforms) = postSolution
		{68DC6E44-9B2B-4577-B31F-03892323ECEB}.Debug|Any CPU.ActiveCfg = Debug|Any CPU
		{68DC6E44-9B2B-4577-B31F-03892323ECEB}.Debug|Any CPU.Build.0 = Debug|Any CPU
		{68DC6E44-9B2B-4577-B31F-03892323ECEB}.Release|Any CPU.ActiveCfg = Release|Any CPU
		{68DC6E44-9B2B-4577-B31F-03892323ECEB}.Release|Any CPU.Build.0 = Release|Any CPU
	EndGlobalSection
	GlobalSection(SolutionProperties) = preSolution
		HideSolutionNode = FALSE
	EndGlobalSection
	GlobalSection(ExtensibilityGlobals) = postSolution
		SolutionGuid = {B33AC161-88BE-4E57-B2A4-972871B1ED2C}
	EndGlobalSection
EndGlobal
