
Microsoft Visual Studio Solution File, Format Version 12.00
# Visual Studio 15
VisualStudioVersion = 15.0.26730.16
MinimumVisualStudioVersion = 10.0.40219.1
Project("{FAE04EC0-301F-11D3-BF4B-00C04F79EFBC}") = "Exercise5 - FrequencyOfNumbers", "Exercise5 - FrequencyOfNumbers\Exercise5 - FrequencyOfNumbers.csproj", "{02FBF2FE-6FC0-48D7-936F-E818622A5263}"
EndProject
Global
	GlobalSection(SolutionConfigurationPlatforms) = preSolution
		Debug|Any CPU = Debug|Any CPU
		Release|Any CPU = Release|Any CPU
	EndGlobalSection
	GlobalSection(ProjectConfigurationPlatforms) = postSolution
		{02FBF2FE-6FC0-48D7-936F-E818622A5263}.Debug|Any CPU.ActiveCfg = Debug|Any CPU
		{02FBF2FE-6FC0-48D7-936F-E818622A5263}.Debug|Any CPU.Build.0 = Debug|Any CPU
		{02FBF2FE-6FC0-48D7-936F-E818622A5263}.Release|Any CPU.ActiveCfg = Release|Any CPU
		{02FBF2FE-6FC0-48D7-936F-E818622A5263}.Release|Any CPU.Build.0 = Release|Any CPU
	EndGlobalSection
	GlobalSection(SolutionProperties) = preSolution
		HideSolutionNode = FALSE
	EndGlobalSection
	GlobalSection(ExtensibilityGlobals) = postSolution
		SolutionGuid = {26788FB6-EE6F-4ED9-AE97-893F38F4D603}
	EndGlobalSection
EndGlobal
