
Microsoft Visual Studio Solution File, Format Version 12.00
# Visual Studio 15
VisualStudioVersion = 15.0.26730.16
MinimumVisualStudioVersion = 10.0.40219.1
Project("{FAE04EC0-301F-11D3-BF4B-00C04F79EFBC}") = "09-CenteredBoxes", "09-CenteredBoxes\09-CenteredBoxes.csproj", "{A1805AD9-5FEE-46D0-9C8C-EE27F2344A93}"
EndProject
Global
	GlobalSection(SolutionConfigurationPlatforms) = preSolution
		Debug|Any CPU = Debug|Any CPU
		Release|Any CPU = Release|Any CPU
	EndGlobalSection
	GlobalSection(ProjectConfigurationPlatforms) = postSolution
		{A1805AD9-5FEE-46D0-9C8C-EE27F2344A93}.Debug|Any CPU.ActiveCfg = Debug|Any CPU
		{A1805AD9-5FEE-46D0-9C8C-EE27F2344A93}.Debug|Any CPU.Build.0 = Debug|Any CPU
		{A1805AD9-5FEE-46D0-9C8C-EE27F2344A93}.Release|Any CPU.ActiveCfg = Release|Any CPU
		{A1805AD9-5FEE-46D0-9C8C-EE27F2344A93}.Release|Any CPU.Build.0 = Release|Any CPU
	EndGlobalSection
	GlobalSection(SolutionProperties) = preSolution
		HideSolutionNode = FALSE
	EndGlobalSection
	GlobalSection(ExtensibilityGlobals) = postSolution
		SolutionGuid = {2A577078-414A-4282-A101-3BA5E415315D}
	EndGlobalSection
EndGlobal
