
Microsoft Visual Studio Solution File, Format Version 12.00
# Visual Studio 15
VisualStudioVersion = 15.0.26730.16
MinimumVisualStudioVersion = 10.0.40219.1
Project("{FAE04EC0-301F-11D3-BF4B-00C04F79EFBC}") = "Exercise4 - SquaredMoreThan20", "Exercise4 - SquaredMoreThan20\Exercise4 - SquaredMoreThan20.csproj", "{7B0645EE-E485-43A4-A5BB-2A4DC198AD78}"
EndProject
Global
	GlobalSection(SolutionConfigurationPlatforms) = preSolution
		Debug|Any CPU = Debug|Any CPU
		Release|Any CPU = Release|Any CPU
	EndGlobalSection
	GlobalSection(ProjectConfigurationPlatforms) = postSolution
		{7B0645EE-E485-43A4-A5BB-2A4DC198AD78}.Debug|Any CPU.ActiveCfg = Debug|Any CPU
		{7B0645EE-E485-43A4-A5BB-2A4DC198AD78}.Debug|Any CPU.Build.0 = Debug|Any CPU
		{7B0645EE-E485-43A4-A5BB-2A4DC198AD78}.Release|Any CPU.ActiveCfg = Release|Any CPU
		{7B0645EE-E485-43A4-A5BB-2A4DC198AD78}.Release|Any CPU.Build.0 = Release|Any CPU
	EndGlobalSection
	GlobalSection(SolutionProperties) = preSolution
		HideSolutionNode = FALSE
	EndGlobalSection
	GlobalSection(ExtensibilityGlobals) = postSolution
		SolutionGuid = {78624E6B-722E-4FE1-A250-CF0323A0986F}
	EndGlobalSection
EndGlobal
