
Microsoft Visual Studio Solution File, Format Version 12.00
# Visual Studio 15
VisualStudioVersion = 15.0.26730.16
MinimumVisualStudioVersion = 10.0.40219.1
Project("{FAE04EC0-301F-11D3-BF4B-00C04F79EFBC}") = "05-Bunny", "05-Bunny\05-Bunny.csproj", "{D68D584E-8A62-4A0E-827A-A92BB11E7D27}"
EndProject
Global
	GlobalSection(SolutionConfigurationPlatforms) = preSolution
		Debug|Any CPU = Debug|Any CPU
		Release|Any CPU = Release|Any CPU
	EndGlobalSection
	GlobalSection(ProjectConfigurationPlatforms) = postSolution
		{D68D584E-8A62-4A0E-827A-A92BB11E7D27}.Debug|Any CPU.ActiveCfg = Debug|Any CPU
		{D68D584E-8A62-4A0E-827A-A92BB11E7D27}.Debug|Any CPU.Build.0 = Debug|Any CPU
		{D68D584E-8A62-4A0E-827A-A92BB11E7D27}.Release|Any CPU.ActiveCfg = Release|Any CPU
		{D68D584E-8A62-4A0E-827A-A92BB11E7D27}.Release|Any CPU.Build.0 = Release|Any CPU
	EndGlobalSection
	GlobalSection(SolutionProperties) = preSolution
		HideSolutionNode = FALSE
	EndGlobalSection
	GlobalSection(ExtensibilityGlobals) = postSolution
		SolutionGuid = {E11895EC-3F10-4F9E-8EBF-9C830477052A}
	EndGlobalSection
EndGlobal
